// !$*UTF8*$!
{
	archiveVersion = 1;
	classes = {
	};
	objectVersion = 46;
	objects = {

/* Begin PBXBuildFile section */
		8409AF7A1EA77B2A005B1A60 /* GameplayScene.swift in Sources */ = {isa = PBXBuildFile; fileRef = 8409AF791EA77B2A005B1A60 /* GameplayScene.swift */; };
		8409AF7D1EA77F08005B1A60 /* Player.swift in Sources */ = {isa = PBXBuildFile; fileRef = 8409AF7C1EA77F08005B1A60 /* Player.swift */; };
		841C06BF1EA7154B00C9BB54 /* Play.sks in Resources */ = {isa = PBXBuildFile; fileRef = 841C06BE1EA7154B00C9BB54 /* Play.sks */; };
		841C06C11EA715C400C9BB54 /* spinner.png in Resources */ = {isa = PBXBuildFile; fileRef = 841C06C01EA715C400C9BB54 /* spinner.png */; };
		841C06C71EA717B400C9BB54 /* spin_button.png in Resources */ = {isa = PBXBuildFile; fileRef = 841C06C61EA717B400C9BB54 /* spin_button.png */; };
		841C06C91EA7185E00C9BB54 /* question_box.png in Resources */ = {isa = PBXBuildFile; fileRef = 841C06C81EA7185E00C9BB54 /* question_box.png */; };
		841CA2F21EA7095D00C2ACBD /* angry_teacher.png in Resources */ = {isa = PBXBuildFile; fileRef = 841CA2F11EA7095D00C2ACBD /* angry_teacher.png */; };
		8428D7D91EA8EA7A00B4141D /* selection_pin.png in Resources */ = {isa = PBXBuildFile; fileRef = 8428D7D11EA8EA7A00B4141D /* selection_pin.png */; };
		8428D7DB1EA8EA7A00B4141D /* Science.png in Resources */ = {isa = PBXBuildFile; fileRef = 8428D7D31EA8EA7A00B4141D /* Science.png */; };
		8428D7DC1EA8EA7A00B4141D /* outer_oval.png in Resources */ = {isa = PBXBuildFile; fileRef = 8428D7D41EA8EA7A00B4141D /* outer_oval.png */; };
		8428D7DD1EA8EA7A00B4141D /* centre_oval.png in Resources */ = {isa = PBXBuildFile; fileRef = 8428D7D51EA8EA7A00B4141D /* centre_oval.png */; };
		8428D7DE1EA8EA7A00B4141D /* Geography.png in Resources */ = {isa = PBXBuildFile; fileRef = 8428D7D61EA8EA7A00B4141D /* Geography.png */; };
		8428D7DF1EA8EA7A00B4141D /* centre_pin.png in Resources */ = {isa = PBXBuildFile; fileRef = 8428D7D71EA8EA7A00B4141D /* centre_pin.png */; };
		8428D7E21EA8EC0100B4141D /* History.png in Resources */ = {isa = PBXBuildFile; fileRef = 8428D7E11EA8EC0100B4141D /* History.png */; };
		8428D7E41EA8EF9900B4141D /* Maths.png in Resources */ = {isa = PBXBuildFile; fileRef = 8428D7E31EA8EF9900B4141D /* Maths.png */; };
		84334F641EA37D8300609913 /* bg.png in Resources */ = {isa = PBXBuildFile; fileRef = 84334F5E1EA37D8300609913 /* bg.png */; };
		84334F651EA37D8300609913 /* play_button.png in Resources */ = {isa = PBXBuildFile; fileRef = 84334F5F1EA37D8300609913 /* play_button.png */; };
		84334F661EA37D8300609913 /* title.png in Resources */ = {isa = PBXBuildFile; fileRef = 84334F601EA37D8300609913 /* title.png */; };
		84334F671EA37D8300609913 /* text.png in Resources */ = {isa = PBXBuildFile; fileRef = 84334F611EA37D8300609913 /* text.png */; };
		84334F681EA37D8300609913 /* menu_bar_bottom.png in Resources */ = {isa = PBXBuildFile; fileRef = 84334F621EA37D8300609913 /* menu_bar_bottom.png */; };
		84334F691EA37D8300609913 /* monster.png in Resources */ = {isa = PBXBuildFile; fileRef = 84334F631EA37D8300609913 /* monster.png */; };
		84334F6B1EA385F500609913 /* intro_character.png in Resources */ = {isa = PBXBuildFile; fileRef = 84334F6A1EA385F500609913 /* intro_character.png */; };
		84334F6D1EA3884B00609913 /* AppIcon.appiconset in Resources */ = {isa = PBXBuildFile; fileRef = 84334F6C1EA3884B00609913 /* AppIcon.appiconset */; };
		8484C8BB1EA700C2003117CE /* green_monster.png in Resources */ = {isa = PBXBuildFile; fileRef = 8484C8BA1EA700C2003117CE /* green_monster.png */; };
		8484C8BD1EA700D2003117CE /* single_eye_green.png in Resources */ = {isa = PBXBuildFile; fileRef = 8484C8BC1EA700D2003117CE /* single_eye_green.png */; };
		8484C8BF1EA700E0003117CE /* monocle.png in Resources */ = {isa = PBXBuildFile; fileRef = 8484C8BE1EA700E0003117CE /* monocle.png */; };
		8484C8C11EA700EF003117CE /* octopus.png in Resources */ = {isa = PBXBuildFile; fileRef = 8484C8C01EA700EF003117CE /* octopus.png */; };
		8484C8C31EA700FD003117CE /* party_animal.png in Resources */ = {isa = PBXBuildFile; fileRef = 8484C8C21EA700FD003117CE /* party_animal.png */; };
		8484C8C51EA7010E003117CE /* purple_cutey.png in Resources */ = {isa = PBXBuildFile; fileRef = 8484C8C41EA7010E003117CE /* purple_cutey.png */; };
		8484C8C91EA70184003117CE /* CharacterSelect.sks in Resources */ = {isa = PBXBuildFile; fileRef = 8484C8C81EA70184003117CE /* CharacterSelect.sks */; };
		8484C8CB1EA70213003117CE /* class_bg.png in Resources */ = {isa = PBXBuildFile; fileRef = 8484C8CA1EA70213003117CE /* class_bg.png */; };
		849E0D9B1E8D162E00BDDC0A /* AppDelegate.swift in Sources */ = {isa = PBXBuildFile; fileRef = 849E0D9A1E8D162E00BDDC0A /* AppDelegate.swift */; };
		849E0D9F1E8D162E00BDDC0A /* Actions.sks in Resources */ = {isa = PBXBuildFile; fileRef = 849E0D9E1E8D162E00BDDC0A /* Actions.sks */; };
		849E0DA11E8D162E00BDDC0A /* GameScene.swift in Sources */ = {isa = PBXBuildFile; fileRef = 849E0DA01E8D162E00BDDC0A /* GameScene.swift */; };
		849E0DA31E8D162E00BDDC0A /* GameViewController.swift in Sources */ = {isa = PBXBuildFile; fileRef = 849E0DA21E8D162E00BDDC0A /* GameViewController.swift */; };
		849E0DA61E8D162E00BDDC0A /* Main.storyboard in Resources */ = {isa = PBXBuildFile; fileRef = 849E0DA41E8D162E00BDDC0A /* Main.storyboard */; };
		849E0DA81E8D162E00BDDC0A /* Assets.xcassets in Resources */ = {isa = PBXBuildFile; fileRef = 849E0DA71E8D162E00BDDC0A /* Assets.xcassets */; };
		849E0DAB1E8D162E00BDDC0A /* LaunchScreen.storyboard in Resources */ = {isa = PBXBuildFile; fileRef = 849E0DA91E8D162E00BDDC0A /* LaunchScreen.storyboard */; };
		84B2CE761EA8F78000C00BDE /* Spin.sks in Resources */ = {isa = PBXBuildFile; fileRef = 84B2CE751EA8F78000C00BDE /* Spin.sks */; };
		84B2CE781EA8F80D00C00BDE /* pin.png in Resources */ = {isa = PBXBuildFile; fileRef = 84B2CE771EA8F80D00C00BDE /* pin.png */; };
		84C334421EA734D500BCD95B /* lives.png in Resources */ = {isa = PBXBuildFile; fileRef = 84C334411EA734D500BCD95B /* lives.png */; };
		84C334451EA7357000BCD95B /* volume.png in Resources */ = {isa = PBXBuildFile; fileRef = 84C334431EA7357000BCD95B /* volume.png */; };
		84C334461EA7357000BCD95B /* settings.png in Resources */ = {isa = PBXBuildFile; fileRef = 84C334441EA7357000BCD95B /* settings.png */; };
		84D083651EA23CFF0030A66A /* MainMenu.sks in Resources */ = {isa = PBXBuildFile; fileRef = 84D083641EA23CFF0030A66A /* MainMenu.sks */; };
/* End PBXBuildFile section */

/* Begin PBXFileReference section */
		8409AF791EA77B2A005B1A60 /* GameplayScene.swift */ = {isa = PBXFileReference; fileEncoding = 4; lastKnownFileType = sourcecode.swift; path = GameplayScene.swift; sourceTree = "<group>"; };
		8409AF7C1EA77F08005B1A60 /* Player.swift */ = {isa = PBXFileReference; fileEncoding = 4; lastKnownFileType = sourcecode.swift; path = Player.swift; sourceTree = "<group>"; };
		841C06BE1EA7154B00C9BB54 /* Play.sks */ = {isa = PBXFileReference; lastKnownFileType = file.sks; path = Play.sks; sourceTree = "<group>"; };
		841C06C01EA715C400C9BB54 /* spinner.png */ = {isa = PBXFileReference; lastKnownFileType = image.png; path = spinner.png; sourceTree = "<group>"; };
		841C06C61EA717B400C9BB54 /* spin_button.png */ = {isa = PBXFileReference; lastKnownFileType = image.png; name = spin_button.png; path = ../spin_button.png; sourceTree = "<group>"; };
		841C06C81EA7185E00C9BB54 /* question_box.png */ = {isa = PBXFileReference; lastKnownFileType = image.png; name = question_box.png; path = ../question_box.png; sourceTree = "<group>"; };
		841CA2F11EA7095D00C2ACBD /* angry_teacher.png */ = {isa = PBXFileReference; lastKnownFileType = image.png; name = angry_teacher.png; path = ../angry_teacher.png; sourceTree = "<group>"; };
		8428D7D11EA8EA7A00B4141D /* selection_pin.png */ = {isa = PBXFileReference; lastKnownFileType = image.png; path = selection_pin.png; sourceTree = "<group>"; };
		8428D7D31EA8EA7A00B4141D /* Science.png */ = {isa = PBXFileReference; lastKnownFileType = image.png; path = Science.png; sourceTree = "<group>"; };
		8428D7D41EA8EA7A00B4141D /* outer_oval.png */ = {isa = PBXFileReference; lastKnownFileType = image.png; path = outer_oval.png; sourceTree = "<group>"; };
		8428D7D51EA8EA7A00B4141D /* centre_oval.png */ = {isa = PBXFileReference; lastKnownFileType = image.png; path = centre_oval.png; sourceTree = "<group>"; };
		8428D7D61EA8EA7A00B4141D /* Geography.png */ = {isa = PBXFileReference; lastKnownFileType = image.png; path = Geography.png; sourceTree = "<group>"; };
		8428D7D71EA8EA7A00B4141D /* centre_pin.png */ = {isa = PBXFileReference; lastKnownFileType = image.png; path = centre_pin.png; sourceTree = "<group>"; };
		8428D7E11EA8EC0100B4141D /* History.png */ = {isa = PBXFileReference; lastKnownFileType = image.png; path = History.png; sourceTree = "<group>"; };
		8428D7E31EA8EF9900B4141D /* Maths.png */ = {isa = PBXFileReference; lastKnownFileType = image.png; path = Maths.png; sourceTree = "<group>"; };
		84334F5E1EA37D8300609913 /* bg.png */ = {isa = PBXFileReference; lastKnownFileType = image.png; path = bg.png; sourceTree = "<group>"; };
		84334F5F1EA37D8300609913 /* play_button.png */ = {isa = PBXFileReference; lastKnownFileType = image.png; path = play_button.png; sourceTree = "<group>"; };
		84334F601EA37D8300609913 /* title.png */ = {isa = PBXFileReference; lastKnownFileType = image.png; path = title.png; sourceTree = "<group>"; };
		84334F611EA37D8300609913 /* text.png */ = {isa = PBXFileReference; lastKnownFileType = image.png; path = text.png; sourceTree = "<group>"; };
		84334F621EA37D8300609913 /* menu_bar_bottom.png */ = {isa = PBXFileReference; lastKnownFileType = image.png; path = menu_bar_bottom.png; sourceTree = "<group>"; };
		84334F631EA37D8300609913 /* monster.png */ = {isa = PBXFileReference; lastKnownFileType = image.png; path = monster.png; sourceTree = "<group>"; };
		84334F6A1EA385F500609913 /* intro_character.png */ = {isa = PBXFileReference; lastKnownFileType = image.png; path = intro_character.png; sourceTree = "<group>"; };
		84334F6C1EA3884B00609913 /* AppIcon.appiconset */ = {isa = PBXFileReference; lastKnownFileType = folder; path = AppIcon.appiconset; sourceTree = "<group>"; };
		8484C8BA1EA700C2003117CE /* green_monster.png */ = {isa = PBXFileReference; lastKnownFileType = image.png; path = green_monster.png; sourceTree = "<group>"; };
		8484C8BC1EA700D2003117CE /* single_eye_green.png */ = {isa = PBXFileReference; lastKnownFileType = image.png; path = single_eye_green.png; sourceTree = "<group>"; };
		8484C8BE1EA700E0003117CE /* monocle.png */ = {isa = PBXFileReference; lastKnownFileType = image.png; path = monocle.png; sourceTree = "<group>"; };
		8484C8C01EA700EF003117CE /* octopus.png */ = {isa = PBXFileReference; lastKnownFileType = image.png; path = octopus.png; sourceTree = "<group>"; };
		8484C8C21EA700FD003117CE /* party_animal.png */ = {isa = PBXFileReference; lastKnownFileType = image.png; path = party_animal.png; sourceTree = "<group>"; };
		8484C8C41EA7010E003117CE /* purple_cutey.png */ = {isa = PBXFileReference; lastKnownFileType = image.png; path = purple_cutey.png; sourceTree = "<group>"; };
		8484C8C81EA70184003117CE /* CharacterSelect.sks */ = {isa = PBXFileReference; lastKnownFileType = file.sks; path = CharacterSelect.sks; sourceTree = "<group>"; };
		8484C8CA1EA70213003117CE /* class_bg.png */ = {isa = PBXFileReference; lastKnownFileType = image.png; name = class_bg.png; path = ../class_bg.png; sourceTree = "<group>"; };
		849E0D971E8D162E00BDDC0A /* quizzard.app */ = {isa = PBXFileReference; explicitFileType = wrapper.application; includeInIndex = 0; path = quizzard.app; sourceTree = BUILT_PRODUCTS_DIR; };
		849E0D9A1E8D162E00BDDC0A /* AppDelegate.swift */ = {isa = PBXFileReference; lastKnownFileType = sourcecode.swift; path = AppDelegate.swift; sourceTree = "<group>"; };
		849E0D9E1E8D162E00BDDC0A /* Actions.sks */ = {isa = PBXFileReference; lastKnownFileType = file.sks; path = Actions.sks; sourceTree = "<group>"; };
		849E0DA01E8D162E00BDDC0A /* GameScene.swift */ = {isa = PBXFileReference; lastKnownFileType = sourcecode.swift; path = GameScene.swift; sourceTree = "<group>"; };
		849E0DA21E8D162E00BDDC0A /* GameViewController.swift */ = {isa = PBXFileReference; lastKnownFileType = sourcecode.swift; path = GameViewController.swift; sourceTree = "<group>"; };
		849E0DA51E8D162E00BDDC0A /* Base */ = {isa = PBXFileReference; lastKnownFileType = file.storyboard; name = Base; path = Base.lproj/Main.storyboard; sourceTree = "<group>"; };
		849E0DA71E8D162E00BDDC0A /* Assets.xcassets */ = {isa = PBXFileReference; lastKnownFileType = folder.assetcatalog; path = Assets.xcassets; sourceTree = "<group>"; };
		849E0DAA1E8D162E00BDDC0A /* Base */ = {isa = PBXFileReference; lastKnownFileType = file.storyboard; name = Base; path = Base.lproj/LaunchScreen.storyboard; sourceTree = "<group>"; };
		849E0DAC1E8D162E00BDDC0A /* Info.plist */ = {isa = PBXFileReference; lastKnownFileType = text.plist.xml; path = Info.plist; sourceTree = "<group>"; };
		84B2CE751EA8F78000C00BDE /* Spin.sks */ = {isa = PBXFileReference; lastKnownFileType = file.sks; name = Spin.sks; path = ../Spin.sks; sourceTree = "<group>"; };
		84B2CE771EA8F80D00C00BDE /* pin.png */ = {isa = PBXFileReference; lastKnownFileType = image.png; path = pin.png; sourceTree = "<group>"; };
		84C334411EA734D500BCD95B /* lives.png */ = {isa = PBXFileReference; lastKnownFileType = image.png; path = lives.png; sourceTree = "<group>"; };
		84C334431EA7357000BCD95B /* volume.png */ = {isa = PBXFileReference; lastKnownFileType = image.png; name = volume.png; path = ../volume.png; sourceTree = "<group>"; };
		84C334441EA7357000BCD95B /* settings.png */ = {isa = PBXFileReference; lastKnownFileType = image.png; name = settings.png; path = ../settings.png; sourceTree = "<group>"; };
		84D083641EA23CFF0030A66A /* MainMenu.sks */ = {isa = PBXFileReference; lastKnownFileType = file.sks; path = MainMenu.sks; sourceTree = "<group>"; };
/* End PBXFileReference section */

/* Begin PBXFrameworksBuildPhase section */
		849E0D941E8D162D00BDDC0A /* Frameworks */ = {
			isa = PBXFrameworksBuildPhase;
			buildActionMask = 2147483647;
			files = (
			);
			runOnlyForDeploymentPostprocessing = 0;
		};
/* End PBXFrameworksBuildPhase section */

/* Begin PBXGroup section */
		8409AF771EA77AE2005B1A60 /* Game Classes */ = {
			isa = PBXGroup;
			children = (
				8409AF7B1EA77EFA005B1A60 /* Player Class */,
				8409AF781EA77AF5005B1A60 /* Scene Classes */,
			);
			name = "Game Classes";
			sourceTree = "<group>";
		};
		8409AF781EA77AF5005B1A60 /* Scene Classes */ = {
			isa = PBXGroup;
			children = (
				849E0DA01E8D162E00BDDC0A /* GameScene.swift */,
				8409AF791EA77B2A005B1A60 /* GameplayScene.swift */,
			);
			name = "Scene Classes";
			sourceTree = "<group>";
		};
		8409AF7B1EA77EFA005B1A60 /* Player Class */ = {
			isa = PBXGroup;
			children = (
				8409AF7C1EA77F08005B1A60 /* Player.swift */,
			);
			name = "Player Class";
			sourceTree = "<group>";
		};
		8428D7D01EA8EA4D00B4141D /* Play Assets */ = {
			isa = PBXGroup;
			children = (
				8428D7E31EA8EF9900B4141D /* Maths.png */,
				8428D7E11EA8EC0100B4141D /* History.png */,
				8428D7D11EA8EA7A00B4141D /* selection_pin.png */,
				8428D7D31EA8EA7A00B4141D /* Science.png */,
				8428D7D41EA8EA7A00B4141D /* outer_oval.png */,
				8428D7D51EA8EA7A00B4141D /* centre_oval.png */,
				8428D7D61EA8EA7A00B4141D /* Geography.png */,
				8428D7D71EA8EA7A00B4141D /* centre_pin.png */,
			);
			name = "Play Assets";
			sourceTree = "<group>";
		};
		849E0D8E1E8D162D00BDDC0A = {
			isa = PBXGroup;
			children = (
				84B2CE771EA8F80D00C00BDE /* pin.png */,
				849E0D991E8D162E00BDDC0A /* quizzard */,
				849E0D981E8D162E00BDDC0A /* Products */,
			);
			sourceTree = "<group>";
		};
		849E0D981E8D162E00BDDC0A /* Products */ = {
			isa = PBXGroup;
			children = (
				849E0D971E8D162E00BDDC0A /* quizzard.app */,
			);
			name = Products;
			sourceTree = "<group>";
		};
		849E0D991E8D162E00BDDC0A /* quizzard */ = {
			isa = PBXGroup;
			children = (
				8409AF771EA77AE2005B1A60 /* Game Classes */,
				84D083631EA23CB40030A66A /* Scenes */,
				849E0DB21E8D16B600BDDC0A /* Assets */,
				849E0D9A1E8D162E00BDDC0A /* AppDelegate.swift */,
				849E0D9E1E8D162E00BDDC0A /* Actions.sks */,
				849E0DA21E8D162E00BDDC0A /* GameViewController.swift */,
				849E0DA41E8D162E00BDDC0A /* Main.storyboard */,
				849E0DA71E8D162E00BDDC0A /* Assets.xcassets */,
				849E0DA91E8D162E00BDDC0A /* LaunchScreen.storyboard */,
				849E0DAC1E8D162E00BDDC0A /* Info.plist */,
			);
			path = quizzard;
			sourceTree = "<group>";
		};
		849E0DB21E8D16B600BDDC0A /* Assets */ = {
			isa = PBXGroup;
			children = (
				8428D7D01EA8EA4D00B4141D /* Play Assets */,
				84C334431EA7357000BCD95B /* volume.png */,
				84C334441EA7357000BCD95B /* settings.png */,
				84C334411EA734D500BCD95B /* lives.png */,
				841C06C81EA7185E00C9BB54 /* question_box.png */,
				841C06C61EA717B400C9BB54 /* spin_button.png */,
				841C06C01EA715C400C9BB54 /* spinner.png */,
				8484C8CA1EA70213003117CE /* class_bg.png */,
				841CA2F11EA7095D00C2ACBD /* angry_teacher.png */,
				8484C8C41EA7010E003117CE /* purple_cutey.png */,
				8484C8C21EA700FD003117CE /* party_animal.png */,
				8484C8C01EA700EF003117CE /* octopus.png */,
				8484C8BE1EA700E0003117CE /* monocle.png */,
				8484C8BC1EA700D2003117CE /* single_eye_green.png */,
				8484C8BA1EA700C2003117CE /* green_monster.png */,
				84334F6C1EA3884B00609913 /* AppIcon.appiconset */,
				84334F5E1EA37D8300609913 /* bg.png */,
				84334F5F1EA37D8300609913 /* play_button.png */,
				84334F601EA37D8300609913 /* title.png */,
				84334F611EA37D8300609913 /* text.png */,
				84334F621EA37D8300609913 /* menu_bar_bottom.png */,
				84334F631EA37D8300609913 /* monster.png */,
				84334F6A1EA385F500609913 /* intro_character.png */,
			);
			name = Assets;
			sourceTree = "<group>";
		};
		84D083631EA23CB40030A66A /* Scenes */ = {
			isa = PBXGroup;
			children = (
				84B2CE751EA8F78000C00BDE /* Spin.sks */,
				8484C8C81EA70184003117CE /* CharacterSelect.sks */,
				84D083641EA23CFF0030A66A /* MainMenu.sks */,
				841C06BE1EA7154B00C9BB54 /* Play.sks */,
			);
			name = Scenes;
			sourceTree = "<group>";
		};
/* End PBXGroup section */

/* Begin PBXNativeTarget section */
		849E0D961E8D162D00BDDC0A /* quizzard */ = {
			isa = PBXNativeTarget;
			buildConfigurationList = 849E0DAF1E8D162E00BDDC0A /* Build configuration list for PBXNativeTarget "quizzard" */;
			buildPhases = (
				849E0D931E8D162D00BDDC0A /* Sources */,
				849E0D941E8D162D00BDDC0A /* Frameworks */,
				849E0D951E8D162D00BDDC0A /* Resources */,
			);
			buildRules = (
			);
			dependencies = (
			);
			name = quizzard;
			productName = quizzard;
			productReference = 849E0D971E8D162E00BDDC0A /* quizzard.app */;
			productType = "com.apple.product-type.application";
		};
/* End PBXNativeTarget section */

/* Begin PBXProject section */
		849E0D8F1E8D162D00BDDC0A /* Project object */ = {
			isa = PBXProject;
			attributes = {
				LastSwiftUpdateCheck = 0820;
				LastUpgradeCheck = 0820;
				ORGANIZATIONNAME = "Nick Koulias";
				TargetAttributes = {
					849E0D961E8D162D00BDDC0A = {
						CreatedOnToolsVersion = 8.2.1;
						DevelopmentTeam = NBWLYKYCV6;
						ProvisioningStyle = Automatic;
					};
				};
			};
			buildConfigurationList = 849E0D921E8D162D00BDDC0A /* Build configuration list for PBXProject "quizzard" */;
			compatibilityVersion = "Xcode 3.2";
			developmentRegion = English;
			hasScannedForEncodings = 0;
			knownRegions = (
				en,
				Base,
			);
			mainGroup = 849E0D8E1E8D162D00BDDC0A;
			productRefGroup = 849E0D981E8D162E00BDDC0A /* Products */;
			projectDirPath = "";
			projectRoot = "";
			targets = (
				849E0D961E8D162D00BDDC0A /* quizzard */,
			);
		};
/* End PBXProject section */

/* Begin PBXResourcesBuildPhase section */
		849E0D951E8D162D00BDDC0A /* Resources */ = {
			isa = PBXResourcesBuildPhase;
			buildActionMask = 2147483647;
			files = (
				84D083651EA23CFF0030A66A /* MainMenu.sks in Resources */,
				841CA2F21EA7095D00C2ACBD /* angry_teacher.png in Resources */,
				84334F691EA37D8300609913 /* monster.png in Resources */,
				8484C8C51EA7010E003117CE /* purple_cutey.png in Resources */,
				84334F6B1EA385F500609913 /* intro_character.png in Resources */,
				84334F6D1EA3884B00609913 /* AppIcon.appiconset in Resources */,
				8484C8CB1EA70213003117CE /* class_bg.png in Resources */,
				849E0DA61E8D162E00BDDC0A /* Main.storyboard in Resources */,
				8484C8BF1EA700E0003117CE /* monocle.png in Resources */,
				8428D7DE1EA8EA7A00B4141D /* Geography.png in Resources */,
				84334F681EA37D8300609913 /* menu_bar_bottom.png in Resources */,
				8484C8BD1EA700D2003117CE /* single_eye_green.png in Resources */,
				84B2CE781EA8F80D00C00BDE /* pin.png in Resources */,
				8428D7E21EA8EC0100B4141D /* History.png in Resources */,
				8428D7E41EA8EF9900B4141D /* Maths.png in Resources */,
				84334F651EA37D8300609913 /* play_button.png in Resources */,
				8428D7DF1EA8EA7A00B4141D /* centre_pin.png in Resources */,
				84C334421EA734D500BCD95B /* lives.png in Resources */,
				849E0DA81E8D162E00BDDC0A /* Assets.xcassets in Resources */,
				8484C8BB1EA700C2003117CE /* green_monster.png in Resources */,
				8428D7D91EA8EA7A00B4141D /* selection_pin.png in Resources */,
				84334F641EA37D8300609913 /* bg.png in Resources */,
				84334F671EA37D8300609913 /* text.png in Resources */,
				849E0DAB1E8D162E00BDDC0A /* LaunchScreen.storyboard in Resources */,
				8428D7DD1EA8EA7A00B4141D /* centre_oval.png in Resources */,
				84C334451EA7357000BCD95B /* volume.png in Resources */,
				849E0D9F1E8D162E00BDDC0A /* Actions.sks in Resources */,
				84C334461EA7357000BCD95B /* settings.png in Resources */,
				841C06C91EA7185E00C9BB54 /* question_box.png in Resources */,
				8484C8C11EA700EF003117CE /* octopus.png in Resources */,
				841C06C11EA715C400C9BB54 /* spinner.png in Resources */,
				8484C8C31EA700FD003117CE /* party_animal.png in Resources */,
				841C06C71EA717B400C9BB54 /* spin_button.png in Resources */,
				84B2CE761EA8F78000C00BDE /* Spin.sks in Resources */,
				841C06BF1EA7154B00C9BB54 /* Play.sks in Resources */,
				84334F661EA37D8300609913 /* title.png in Resources */,
				8484C8C91EA70184003117CE /* CharacterSelect.sks in Resources */,
				8428D7DC1EA8EA7A00B4141D /* outer_oval.png in Resources */,
				8428D7DB1EA8EA7A00B4141D /* Science.png in Resources */,
			);
			runOnlyForDeploymentPostprocessing = 0;
		};
/* End PBXResourcesBuildPhase section */

/* Begin PBXSourcesBuildPhase section */
		849E0D931E8D162D00BDDC0A /* Sources */ = {
			isa = PBXSourcesBuildPhase;
			buildActionMask = 2147483647;
			files = (
				8409AF7A1EA77B2A005B1A60 /* GameplayScene.swift in Sources */,
				849E0DA11E8D162E00BDDC0A /* GameScene.swift in Sources */,
				849E0DA31E8D162E00BDDC0A /* GameViewController.swift in Sources */,
				8409AF7D1EA77F08005B1A60 /* Player.swift in Sources */,
				849E0D9B1E8D162E00BDDC0A /* AppDelegate.swift in Sources */,
			);
			runOnlyForDeploymentPostprocessing = 0;
		};
/* End PBXSourcesBuildPhase section */

/* Begin PBXVariantGroup section */
		849E0DA41E8D162E00BDDC0A /* Main.storyboard */ = {
			isa = PBXVariantGroup;
			children = (
				849E0DA51E8D162E00BDDC0A /* Base */,
			);
			name = Main.storyboard;
			sourceTree = "<group>";
		};
		849E0DA91E8D162E00BDDC0A /* LaunchScreen.storyboard */ = {
			isa = PBXVariantGroup;
			children = (
				849E0DAA1E8D162E00BDDC0A /* Base */,
			);
			name = LaunchScreen.storyboard;
			sourceTree = "<group>";
		};
/* End PBXVariantGroup section */

/* Begin XCBuildConfiguration section */
		849E0DAD1E8D162E00BDDC0A /* Debug */ = {
			isa = XCBuildConfiguration;
			buildSettings = {
				ALWAYS_SEARCH_USER_PATHS = NO;
				CLANG_ANALYZER_NONNULL = YES;
				CLANG_CXX_LANGUAGE_STANDARD = "gnu++0x";
				CLANG_CXX_LIBRARY = "libc++";
				CLANG_ENABLE_MODULES = YES;
				CLANG_ENABLE_OBJC_ARC = YES;
				CLANG_WARN_BOOL_CONVERSION = YES;
				CLANG_WARN_CONSTANT_CONVERSION = YES;
				CLANG_WARN_DIRECT_OBJC_ISA_USAGE = YES_ERROR;
				CLANG_WARN_DOCUMENTATION_COMMENTS = YES;
				CLANG_WARN_EMPTY_BODY = YES;
				CLANG_WARN_ENUM_CONVERSION = YES;
				CLANG_WARN_INFINITE_RECURSION = YES;
				CLANG_WARN_INT_CONVERSION = YES;
				CLANG_WARN_OBJC_ROOT_CLASS = YES_ERROR;
				CLANG_WARN_SUSPICIOUS_MOVE = YES;
				CLANG_WARN_UNREACHABLE_CODE = YES;
				CLANG_WARN__DUPLICATE_METHOD_MATCH = YES;
				"CODE_SIGN_IDENTITY[sdk=iphoneos*]" = "iPhone Developer";
				COPY_PHASE_STRIP = NO;
				DEBUG_INFORMATION_FORMAT = dwarf;
				ENABLE_STRICT_OBJC_MSGSEND = YES;
				ENABLE_TESTABILITY = YES;
				GCC_C_LANGUAGE_STANDARD = gnu99;
				GCC_DYNAMIC_NO_PIC = NO;
				GCC_NO_COMMON_BLOCKS = YES;
				GCC_OPTIMIZATION_LEVEL = 0;
				GCC_PREPROCESSOR_DEFINITIONS = (
					"DEBUG=1",
					"$(inherited)",
				);
				GCC_WARN_64_TO_32_BIT_CONVERSION = YES;
				GCC_WARN_ABOUT_RETURN_TYPE = YES_ERROR;
				GCC_WARN_UNDECLARED_SELECTOR = YES;
				GCC_WARN_UNINITIALIZED_AUTOS = YES_AGGRESSIVE;
				GCC_WARN_UNUSED_FUNCTION = YES;
				GCC_WARN_UNUSED_VARIABLE = YES;
				IPHONEOS_DEPLOYMENT_TARGET = 10.2;
				MTL_ENABLE_DEBUG_INFO = YES;
				ONLY_ACTIVE_ARCH = YES;
				SDKROOT = iphoneos;
				SWIFT_ACTIVE_COMPILATION_CONDITIONS = DEBUG;
				SWIFT_OPTIMIZATION_LEVEL = "-Onone";
				TARGETED_DEVICE_FAMILY = "1,2";
			};
			name = Debug;
		};
		849E0DAE1E8D162E00BDDC0A /* Release */ = {
			isa = XCBuildConfiguration;
			buildSettings = {
				ALWAYS_SEARCH_USER_PATHS = NO;
				CLANG_ANALYZER_NONNULL = YES;
				CLANG_CXX_LANGUAGE_STANDARD = "gnu++0x";
				CLANG_CXX_LIBRARY = "libc++";
				CLANG_ENABLE_MODULES = YES;
				CLANG_ENABLE_OBJC_ARC = YES;
				CLANG_WARN_BOOL_CONVERSION = YES;
				CLANG_WARN_CONSTANT_CONVERSION = YES;
				CLANG_WARN_DIRECT_OBJC_ISA_USAGE = YES_ERROR;
				CLANG_WARN_DOCUMENTATION_COMMENTS = YES;
				CLANG_WARN_EMPTY_BODY = YES;
				CLANG_WARN_ENUM_CONVERSION = YES;
				CLANG_WARN_INFINITE_RECURSION = YES;
				CLANG_WARN_INT_CONVERSION = YES;
				CLANG_WARN_OBJC_ROOT_CLASS = YES_ERROR;
				CLANG_WARN_SUSPICIOUS_MOVE = YES;
				CLANG_WARN_UNREACHABLE_CODE = YES;
				CLANG_WARN__DUPLICATE_METHOD_MATCH = YES;
				"CODE_SIGN_IDENTITY[sdk=iphoneos*]" = "iPhone Developer";
				COPY_PHASE_STRIP = NO;
				DEBUG_INFORMATION_FORMAT = "dwarf-with-dsym";
				ENABLE_NS_ASSERTIONS = NO;
				ENABLE_STRICT_OBJC_MSGSEND = YES;
				GCC_C_LANGUAGE_STANDARD = gnu99;
				GCC_NO_COMMON_BLOCKS = YES;
				GCC_WARN_64_TO_32_BIT_CONVERSION = YES;
				GCC_WARN_ABOUT_RETURN_TYPE = YES_ERROR;
				GCC_WARN_UNDECLARED_SELECTOR = YES;
				GCC_WARN_UNINITIALIZED_AUTOS = YES_AGGRESSIVE;
				GCC_WARN_UNUSED_FUNCTION = YES;
				GCC_WARN_UNUSED_VARIABLE = YES;
				IPHONEOS_DEPLOYMENT_TARGET = 10.2;
				MTL_ENABLE_DEBUG_INFO = NO;
				SDKROOT = iphoneos;
				SWIFT_OPTIMIZATION_LEVEL = "-Owholemodule";
				TARGETED_DEVICE_FAMILY = "1,2";
				VALIDATE_PRODUCT = YES;
			};
			name = Release;
		};
		849E0DB01E8D162E00BDDC0A /* Debug */ = {
			isa = XCBuildConfiguration;
			buildSettings = {
				ASSETCATALOG_COMPILER_APPICON_NAME = AppIcon;
				ASSETCATALOG_COMPILER_LAUNCHIMAGE_NAME = LaunchImage;
				DEVELOPMENT_TEAM = NBWLYKYCV6;
				INFOPLIST_FILE = quizzard/Info.plist;
				LD_RUNPATH_SEARCH_PATHS = "$(inherited) @executable_path/Frameworks";
				PRODUCT_BUNDLE_IDENTIFIER = scenekit.nk.quizzard;
				PRODUCT_NAME = "$(TARGET_NAME)";
				SWIFT_VERSION = 3.0;
			};
			name = Debug;
		};
		849E0DB11E8D162E00BDDC0A /* Release */ = {
			isa = XCBuildConfiguration;
			buildSettings = {
				ASSETCATALOG_COMPILER_APPICON_NAME = AppIcon;
				ASSETCATALOG_COMPILER_LAUNCHIMAGE_NAME = LaunchImage;
				DEVELOPMENT_TEAM = NBWLYKYCV6;
				INFOPLIST_FILE = quizzard/Info.plist;
				LD_RUNPATH_SEARCH_PATHS = "$(inherited) @executable_path/Frameworks";
				PRODUCT_BUNDLE_IDENTIFIER = scenekit.nk.quizzard;
				PRODUCT_NAME = "$(TARGET_NAME)";
				SWIFT_VERSION = 3.0;
			};
			name = Release;
		};
/* End XCBuildConfiguration section */

/* Begin XCConfigurationList section */
		849E0D921E8D162D00BDDC0A /* Build configuration list for PBXProject "quizzard" */ = {
			isa = XCConfigurationList;
			buildConfigurations = (
				849E0DAD1E8D162E00BDDC0A /* Debug */,
				849E0DAE1E8D162E00BDDC0A /* Release */,
			);
			defaultConfigurationIsVisible = 0;
			defaultConfigurationName = Release;
		};
		849E0DAF1E8D162E00BDDC0A /* Build configuration list for PBXNativeTarget "quizzard" */ = {
			isa = XCConfigurationList;
			buildConfigurations = (
				849E0DB01E8D162E00BDDC0A /* Debug */,
				849E0DB11E8D162E00BDDC0A /* Release */,
			);
			defaultConfigurationIsVisible = 0;
			defaultConfigurationName = Release;
		};
/* End XCConfigurationList section */
	};
	rootObject = 849E0D8F1E8D162D00BDDC0A /* Project object */;
}
